
Microsoft Visual Studio Solution File, Format Version 12.00
# Visual Studio Version 17
VisualStudioVersion = 17.4.33205.214
MinimumVisualStudioVersion = 10.0.40219.1
Project("{FAE04EC0-301F-11D3-BF4B-00C04F79EFBC}") = "ImpostoRenda", "ImpostoRenda.csproj", "{C0E72585-70AE-4CC3-9A05-0EDDA79C12D1}"
EndProject
Global
	GlobalSection(SolutionConfigurationPlatforms) = preSolution
		Debug|Any CPU = Debug|Any CPU
		Release|Any CPU = Release|Any CPU
	EndGlobalSection
	GlobalSection(ProjectConfigurationPlatforms) = postSolution
		{C0E72585-70AE-4CC3-9A05-0EDDA79C12D1}.Debug|Any CPU.ActiveCfg = Debug|Any CPU
		{C0E72585-70AE-4CC3-9A05-0EDDA79C12D1}.Debug|Any CPU.Build.0 = Debug|Any CPU
		{C0E72585-70AE-4CC3-9A05-0EDDA79C12D1}.Release|Any CPU.ActiveCfg = Release|Any CPU
		{C0E72585-70AE-4CC3-9A05-0EDDA79C12D1}.Release|Any CPU.Build.0 = Release|Any CPU
	EndGlobalSection
	GlobalSection(SolutionProperties) = preSolution
		HideSolutionNode = FALSE
	EndGlobalSection
	GlobalSection(ExtensibilityGlobals) = postSolution
		SolutionGuid = {EB107F58-1FEF-43CB-B069-95FF2F732BC0}
	EndGlobalSection
EndGlobal
